<?xml version="1.0"?>
<Project ToolsVersion="4.0" xmlns="http://schemas.microsoft.com/developer/msbuild/2003">
	<ItemGroup>
		<ClCompile Include="src\ofApp.cpp">
			<Filter>src</Filter>
		</ClCompile>
		<ClCompile Include="src\main.cpp">
			<Filter>src</Filter>
		</ClCompile>
		<ClCompile Include="..\..\..\addons\ofxHapPlayer\src\ofxHapPlayer.cpp">
			<Filter>addons\ofxHapPlayer\src</Filter>
		</ClCompile>
		<ClCompile Include="..\..\..\addons\ofxHapPlayer\libs\HapSupport\src\HapSupport.c">
			<Filter>addons\ofxHapPlayer\libs\HapSupport\src</Filter>
		</ClCompile>
	</ItemGroup>
	<ItemGroup>
		<Filter Include="src">
			<UniqueIdentifier>{d8376475-7454-4a24-b08a-aac121d3ad6f}</UniqueIdentifier>
		</Filter>
		<Filter Include="addons">
			<UniqueIdentifier>{71834F65-F3A9-211E-73B8-DC85}</UniqueIdentifier>
		</Filter>
		<Filter Include="addons\ofxHapPlayer">
			<UniqueIdentifier>{3ABF0718-7EF0-C616-645A-BC48}</UniqueIdentifier>
		</Filter>
		<Filter Include="addons\ofxHapPlayer\src">
			<UniqueIdentifier>{B922E112-1099-333C-0CFD-9815}</UniqueIdentifier>
		</Filter>
		<Filter Include="addons\ofxHapPlayer\libs">
			<UniqueIdentifier>{0B971793-EF6D-AFDC-9CC8-D438}</UniqueIdentifier>
		</Filter>
		<Filter Include="addons\ofxHapPlayer\libs\HapSupport">
			<UniqueIdentifier>{50A9E79A-35CD-48AB-2B6B-36B2}</UniqueIdentifier>
		</Filter>
		<Filter Include="addons\ofxHapPlayer\libs\HapSupport\src">
			<UniqueIdentifier>{FE9C83AA-0ECD-3948-BCAA-42E1}</UniqueIdentifier>
		</Filter>
	</ItemGroup>
	<ItemGroup>
		<ClInclude Include="src\ofApp.h">
			<Filter>src</Filter>
		</ClInclude>
		<ClInclude Include="..\..\..\addons\ofxHapPlayer\src\ofxHapPlayer.h">
			<Filter>addons\ofxHapPlayer\src</Filter>
		</ClInclude>
		<ClInclude Include="..\..\..\addons\ofxHapPlayer\libs\HapSupport\src\HapSupport.h">
			<Filter>addons\ofxHapPlayer\libs\HapSupport\src</Filter>
		</ClInclude>
	</ItemGroup>
	<ItemGroup>
		<ResourceCompile Include="icon.rc" />
	</ItemGroup>
</Project>
